lockfileVersion: '9.0'

settings:
  autoInstallPeers: true
  excludeLinksFromLockfile: false

importers:

  .:
    devDependencies:
      peggy:
        specifier: ^5.0.6
        version: 5.0.6

packages:

  '@peggyjs/from-mem@3.1.1':
    resolution: {integrity: sha512-m5OEjgJaePWpyNtQCvRZkpLoV+z44eh6QIO9yEwQuOThdUdkECO3wcKLT3tFA3H8WM5bxU/K/dpmo7r/X16UEw==}
    engines: {node: '>=20.8'}

  commander@14.0.3:
    resolution: {integrity: sha512-H+y0Jo/T1RZ9qPP4Eh1pkcQcLRglraJaSLoyOtHxu6AapkjWVCy2Sit1QQ4x3Dng8qDlSsZEet7g5Pq06MvTgw==}
    engines: {node: '>=20'}

  peggy@5.0.6:
    resolution: {integrity: sha512-Sud8Zus0JAgE+U4zwkJv29OOaXhviFI7J90/6cGfy3OoqR8dpnieeF9a46dj0bTtqiFnrFatldA6ltQyOJvNmg==}
    engines: {node: '>=20'}
    hasBin: true

  semver@7.7.2:
    resolution: {integrity: sha512-RF0Fw+rO5AMf9MAyaRXI4AV0Ulj5lMHqVxxdSgiVbixSCXoEmmX/jk0CuJw4+3SqroYO9VoUh+HcuJivvtJemA==}
    engines: {node: '>=10'}
    hasBin: true

  source-map-generator@2.0.2:
    resolution: {integrity: sha512-unCl5BQhF/us51DiT7SvlSY3QUPhyfAdHJxd8l7FXdwzqxli0UDMV2dEuei2SeGp3Z4rB/AJ9zKi1mGOp2K2ww==}
    engines: {node: '>=20'}

snapshots:

  '@peggyjs/from-mem@3.1.1':
    dependencies:
      semver: 7.7.2

  commander@14.0.3: {}

  peggy@5.0.6:
    dependencies:
      '@peggyjs/from-mem': 3.1.1
      commander: 14.0.3
      source-map-generator: 2.0.2

  semver@7.7.2: {}

  source-map-generator@2.0.2: {}
